// !$*UTF8*$!
{
	archiveVersion = 1;
	classes = {
	};
	objectVersion = 46;
	objects = {

/* Begin PBXBuildFile section */
		781D2C2D1BD1472300CDE724 /* Database.swift in Sources */ = {isa = PBXBuildFile; fileRef = 781D2C2C1BD1472300CDE724 /* Database.swift */; settings = {ASSET_TAGS = (); }; };
		781D2C2F1BD147FD00CDE724 /* DefautInfo.swift in Sources */ = {isa = PBXBuildFile; fileRef = 781D2C2E1BD147FD00CDE724 /* DefautInfo.swift */; settings = {ASSET_TAGS = (); }; };
		781D2C311BD26A5900CDE724 /* InfoManager.swift in Sources */ = {isa = PBXBuildFile; fileRef = 781D2C301BD26A5900CDE724 /* InfoManager.swift */; settings = {ASSET_TAGS = (); }; };
		781D2C331BD2C46800CDE724 /* TransactionType.swift in Sources */ = {isa = PBXBuildFile; fileRef = 781D2C321BD2C46800CDE724 /* TransactionType.swift */; settings = {ASSET_TAGS = (); }; };
		781D2C351BD3688700CDE724 /* TransactionValue.swift in Sources */ = {isa = PBXBuildFile; fileRef = 781D2C341BD3688700CDE724 /* TransactionValue.swift */; settings = {ASSET_TAGS = (); }; };
		781D65B71BA7423200E87985 /* Transaction.swift in Sources */ = {isa = PBXBuildFile; fileRef = 781D65B61BA7423200E87985 /* Transaction.swift */; };
		784D9EDD1B31C137009AC784 /* AppDelegate.swift in Sources */ = {isa = PBXBuildFile; fileRef = 784D9EDC1B31C137009AC784 /* AppDelegate.swift */; };
		784D9EE01B31C137009AC784 /* Expenses.xcdatamodeld in Sources */ = {isa = PBXBuildFile; fileRef = 784D9EDE1B31C137009AC784 /* Expenses.xcdatamodeld */; };
		784D9EE51B31C137009AC784 /* Main.storyboard in Resources */ = {isa = PBXBuildFile; fileRef = 784D9EE31B31C137009AC784 /* Main.storyboard */; };
		784D9EE71B31C137009AC784 /* Images.xcassets in Resources */ = {isa = PBXBuildFile; fileRef = 784D9EE61B31C137009AC784 /* Images.xcassets */; };
		784D9EEA1B31C137009AC784 /* LaunchScreen.xib in Resources */ = {isa = PBXBuildFile; fileRef = 784D9EE81B31C137009AC784 /* LaunchScreen.xib */; };
		784D9EF61B31C137009AC784 /* ExpensesTests.swift in Sources */ = {isa = PBXBuildFile; fileRef = 784D9EF51B31C137009AC784 /* ExpensesTests.swift */; };
		784D9F011B31D14B009AC784 /* TransactionsViewController.swift in Sources */ = {isa = PBXBuildFile; fileRef = 784D9F001B31D14B009AC784 /* TransactionsViewController.swift */; };
		784D9F031B31D36A009AC784 /* AddTransactionViewController.swift in Sources */ = {isa = PBXBuildFile; fileRef = 784D9F021B31D36A009AC784 /* AddTransactionViewController.swift */; };
		785603941B35B18500349FD8 /* CategoryCollectionViewCell.swift in Sources */ = {isa = PBXBuildFile; fileRef = 785603931B35B18500349FD8 /* CategoryCollectionViewCell.swift */; };
		785603A91B36B27800349FD8 /* CalculatorCollectionViewCell.swift in Sources */ = {isa = PBXBuildFile; fileRef = 785603A81B36B27800349FD8 /* CalculatorCollectionViewCell.swift */; };
		785603AB1B36FE0800349FD8 /* Model.swift in Sources */ = {isa = PBXBuildFile; fileRef = 785603AA1B36FE0800349FD8 /* Model.swift */; };
		785603B01B3835F100349FD8 /* Bolts.framework in Frameworks */ = {isa = PBXBuildFile; fileRef = 785603AD1B3835F100349FD8 /* Bolts.framework */; };
		785603B11B3835F100349FD8 /* Parse.framework in Frameworks */ = {isa = PBXBuildFile; fileRef = 785603AE1B3835F100349FD8 /* Parse.framework */; };
		785603B21B3835F100349FD8 /* ParseUI.framework in Frameworks */ = {isa = PBXBuildFile; fileRef = 785603AF1B3835F100349FD8 /* ParseUI.framework */; };
		785603B41B38360B00349FD8 /* ParseCrashReporting.framework in Frameworks */ = {isa = PBXBuildFile; fileRef = 785603B31B38360B00349FD8 /* ParseCrashReporting.framework */; };
		785603B61B38460C00349FD8 /* AudioToolbox.framework in Frameworks */ = {isa = PBXBuildFile; fileRef = 785603B51B38460C00349FD8 /* AudioToolbox.framework */; };
		785603B81B38461400349FD8 /* CFNetwork.framework in Frameworks */ = {isa = PBXBuildFile; fileRef = 785603B71B38461400349FD8 /* CFNetwork.framework */; };
		785603BA1B38461900349FD8 /* CoreGraphics.framework in Frameworks */ = {isa = PBXBuildFile; fileRef = 785603B91B38461900349FD8 /* CoreGraphics.framework */; };
		785603BC1B38462300349FD8 /* CoreLocation.framework in Frameworks */ = {isa = PBXBuildFile; fileRef = 785603BB1B38462300349FD8 /* CoreLocation.framework */; };
		785603BE1B38462F00349FD8 /* MobileCoreServices.framework in Frameworks */ = {isa = PBXBuildFile; fileRef = 785603BD1B38462F00349FD8 /* MobileCoreServices.framework */; };
		785603C01B38463700349FD8 /* QuartzCore.framework in Frameworks */ = {isa = PBXBuildFile; fileRef = 785603BF1B38463700349FD8 /* QuartzCore.framework */; };
		785603C21B38463F00349FD8 /* Security.framework in Frameworks */ = {isa = PBXBuildFile; fileRef = 785603C11B38463F00349FD8 /* Security.framework */; };
		785603C41B38464600349FD8 /* StoreKit.framework in Frameworks */ = {isa = PBXBuildFile; fileRef = 785603C31B38464600349FD8 /* StoreKit.framework */; };
		785603C61B38467300349FD8 /* SystemConfiguration.framework in Frameworks */ = {isa = PBXBuildFile; fileRef = 785603C51B38467300349FD8 /* SystemConfiguration.framework */; };
		785603C81B38468D00349FD8 /* libz.dylib in Frameworks */ = {isa = PBXBuildFile; fileRef = 785603C71B38468D00349FD8 /* libz.dylib */; };
		785603CA1B38469500349FD8 /* libsqlite3.dylib in Frameworks */ = {isa = PBXBuildFile; fileRef = 785603C91B38469500349FD8 /* libsqlite3.dylib */; };
		785603CC1B38589E00349FD8 /* InitialViewController.swift in Sources */ = {isa = PBXBuildFile; fileRef = 785603CB1B38589E00349FD8 /* InitialViewController.swift */; };
		785603CE1B385B3100349FD8 /* Accounts.framework in Frameworks */ = {isa = PBXBuildFile; fileRef = 785603CD1B385B3100349FD8 /* Accounts.framework */; };
		785603D01B385B3A00349FD8 /* Social.framework in Frameworks */ = {isa = PBXBuildFile; fileRef = 785603CF1B385B3A00349FD8 /* Social.framework */; };
		7858DCCE1BA46284002E5E1B /* SubCategory.swift in Sources */ = {isa = PBXBuildFile; fileRef = 7858DCCD1BA46284002E5E1B /* SubCategory.swift */; };
		788EEC991B38630A00575FF6 /* Category.swift in Sources */ = {isa = PBXBuildFile; fileRef = 788EEC981B38630A00575FF6 /* Category.swift */; };
		78FD26BF1BD37BB200E3D890 /* Calculator.swift in Sources */ = {isa = PBXBuildFile; fileRef = 78FD26BE1BD37BB200E3D890 /* Calculator.swift */; settings = {ASSET_TAGS = (); }; };
/* End PBXBuildFile section */

/* Begin PBXContainerItemProxy section */
		784D9EF01B31C137009AC784 /* PBXContainerItemProxy */ = {
			isa = PBXContainerItemProxy;
			containerPortal = 784D9ECF1B31C137009AC784 /* Project object */;
			proxyType = 1;
			remoteGlobalIDString = 784D9ED61B31C137009AC784;
			remoteInfo = Expenses;
		};
/* End PBXContainerItemProxy section */

/* Begin PBXCopyFilesBuildPhase section */
		785603A51B35DAD100349FD8 /* Embed App Extensions */ = {
			isa = PBXCopyFilesBuildPhase;
			buildActionMask = 2147483647;
			dstPath = "";
			dstSubfolderSpec = 13;
			files = (
			);
			name = "Embed App Extensions";
			runOnlyForDeploymentPostprocessing = 0;
		};
/* End PBXCopyFilesBuildPhase section */

/* Begin PBXFileReference section */
		781D2C2C1BD1472300CDE724 /* Database.swift */ = {isa = PBXFileReference; fileEncoding = 4; lastKnownFileType = sourcecode.swift; path = Database.swift; sourceTree = "<group>"; };
		781D2C2E1BD147FD00CDE724 /* DefautInfo.swift */ = {isa = PBXFileReference; fileEncoding = 4; lastKnownFileType = sourcecode.swift; path = DefautInfo.swift; sourceTree = "<group>"; };
		781D2C301BD26A5900CDE724 /* InfoManager.swift */ = {isa = PBXFileReference; fileEncoding = 4; lastKnownFileType = sourcecode.swift; path = InfoManager.swift; sourceTree = "<group>"; };
		781D2C321BD2C46800CDE724 /* TransactionType.swift */ = {isa = PBXFileReference; fileEncoding = 4; lastKnownFileType = sourcecode.swift; path = TransactionType.swift; sourceTree = "<group>"; };
		781D2C341BD3688700CDE724 /* TransactionValue.swift */ = {isa = PBXFileReference; fileEncoding = 4; lastKnownFileType = sourcecode.swift; path = TransactionValue.swift; sourceTree = "<group>"; };
		781D65B61BA7423200E87985 /* Transaction.swift */ = {isa = PBXFileReference; fileEncoding = 4; lastKnownFileType = sourcecode.swift; path = Transaction.swift; sourceTree = "<group>"; };
		784D9ED71B31C137009AC784 /* Expenses.app */ = {isa = PBXFileReference; explicitFileType = wrapper.application; includeInIndex = 0; path = Expenses.app; sourceTree = BUILT_PRODUCTS_DIR; };
		784D9EDB1B31C137009AC784 /* Info.plist */ = {isa = PBXFileReference; lastKnownFileType = text.plist.xml; path = Info.plist; sourceTree = "<group>"; };
		784D9EDC1B31C137009AC784 /* AppDelegate.swift */ = {isa = PBXFileReference; lastKnownFileType = sourcecode.swift; path = AppDelegate.swift; sourceTree = "<group>"; };
		784D9EDF1B31C137009AC784 /* Expenses.xcdatamodel */ = {isa = PBXFileReference; lastKnownFileType = wrapper.xcdatamodel; path = Expenses.xcdatamodel; sourceTree = "<group>"; };
		784D9EE41B31C137009AC784 /* Base */ = {isa = PBXFileReference; lastKnownFileType = file.storyboard; name = Base; path = Base.lproj/Main.storyboard; sourceTree = "<group>"; };
		784D9EE61B31C137009AC784 /* Images.xcassets */ = {isa = PBXFileReference; lastKnownFileType = folder.assetcatalog; path = Images.xcassets; sourceTree = "<group>"; };
		784D9EE91B31C137009AC784 /* Base */ = {isa = PBXFileReference; lastKnownFileType = file.xib; name = Base; path = Base.lproj/LaunchScreen.xib; sourceTree = "<group>"; };
		784D9EEF1B31C137009AC784 /* ExpensesTests.xctest */ = {isa = PBXFileReference; explicitFileType = wrapper.cfbundle; includeInIndex = 0; path = ExpensesTests.xctest; sourceTree = BUILT_PRODUCTS_DIR; };
		784D9EF41B31C137009AC784 /* Info.plist */ = {isa = PBXFileReference; lastKnownFileType = text.plist.xml; path = Info.plist; sourceTree = "<group>"; };
		784D9EF51B31C137009AC784 /* ExpensesTests.swift */ = {isa = PBXFileReference; lastKnownFileType = sourcecode.swift; path = ExpensesTests.swift; sourceTree = "<group>"; };
		784D9F001B31D14B009AC784 /* TransactionsViewController.swift */ = {isa = PBXFileReference; fileEncoding = 4; lastKnownFileType = sourcecode.swift; path = TransactionsViewController.swift; sourceTree = "<group>"; };
		784D9F021B31D36A009AC784 /* AddTransactionViewController.swift */ = {isa = PBXFileReference; fileEncoding = 4; lastKnownFileType = sourcecode.swift; path = AddTransactionViewController.swift; sourceTree = "<group>"; };
		785603931B35B18500349FD8 /* CategoryCollectionViewCell.swift */ = {isa = PBXFileReference; fileEncoding = 4; lastKnownFileType = sourcecode.swift; path = CategoryCollectionViewCell.swift; sourceTree = "<group>"; };
		785603A81B36B27800349FD8 /* CalculatorCollectionViewCell.swift */ = {isa = PBXFileReference; fileEncoding = 4; lastKnownFileType = sourcecode.swift; path = CalculatorCollectionViewCell.swift; sourceTree = "<group>"; };
		785603AA1B36FE0800349FD8 /* Model.swift */ = {isa = PBXFileReference; fileEncoding = 4; lastKnownFileType = sourcecode.swift; path = Model.swift; sourceTree = "<group>"; };
		785603AD1B3835F100349FD8 /* Bolts.framework */ = {isa = PBXFileReference; lastKnownFileType = wrapper.framework; path = Bolts.framework; sourceTree = "<group>"; };
		785603AE1B3835F100349FD8 /* Parse.framework */ = {isa = PBXFileReference; lastKnownFileType = wrapper.framework; path = Parse.framework; sourceTree = "<group>"; };
		785603AF1B3835F100349FD8 /* ParseUI.framework */ = {isa = PBXFileReference; lastKnownFileType = wrapper.framework; path = ParseUI.framework; sourceTree = "<group>"; };
		785603B31B38360B00349FD8 /* ParseCrashReporting.framework */ = {isa = PBXFileReference; lastKnownFileType = wrapper.framework; path = ParseCrashReporting.framework; sourceTree = "<group>"; };
		785603B51B38460C00349FD8 /* AudioToolbox.framework */ = {isa = PBXFileReference; lastKnownFileType = wrapper.framework; name = AudioToolbox.framework; path = System/Library/Frameworks/AudioToolbox.framework; sourceTree = SDKROOT; };
		785603B71B38461400349FD8 /* CFNetwork.framework */ = {isa = PBXFileReference; lastKnownFileType = wrapper.framework; name = CFNetwork.framework; path = System/Library/Frameworks/CFNetwork.framework; sourceTree = SDKROOT; };
		785603B91B38461900349FD8 /* CoreGraphics.framework */ = {isa = PBXFileReference; lastKnownFileType = wrapper.framework; name = CoreGraphics.framework; path = System/Library/Frameworks/CoreGraphics.framework; sourceTree = SDKROOT; };
		785603BB1B38462300349FD8 /* CoreLocation.framework */ = {isa = PBXFileReference; lastKnownFileType = wrapper.framework; name = CoreLocation.framework; path = System/Library/Frameworks/CoreLocation.framework; sourceTree = SDKROOT; };
		785603BD1B38462F00349FD8 /* MobileCoreServices.framework */ = {isa = PBXFileReference; lastKnownFileType = wrapper.framework; name = MobileCoreServices.framework; path = System/Library/Frameworks/MobileCoreServices.framework; sourceTree = SDKROOT; };
		785603BF1B38463700349FD8 /* QuartzCore.framework */ = {isa = PBXFileReference; lastKnownFileType = wrapper.framework; name = QuartzCore.framework; path = System/Library/Frameworks/QuartzCore.framework; sourceTree = SDKROOT; };
		785603C11B38463F00349FD8 /* Security.framework */ = {isa = PBXFileReference; lastKnownFileType = wrapper.framework; name = Security.framework; path = System/Library/Frameworks/Security.framework; sourceTree = SDKROOT; };
		785603C31B38464600349FD8 /* StoreKit.framework */ = {isa = PBXFileReference; lastKnownFileType = wrapper.framework; name = StoreKit.framework; path = System/Library/Frameworks/StoreKit.framework; sourceTree = SDKROOT; };
		785603C51B38467300349FD8 /* SystemConfiguration.framework */ = {isa = PBXFileReference; lastKnownFileType = wrapper.framework; name = SystemConfiguration.framework; path = System/Library/Frameworks/SystemConfiguration.framework; sourceTree = SDKROOT; };
		785603C71B38468D00349FD8 /* libz.dylib */ = {isa = PBXFileReference; lastKnownFileType = "compiled.mach-o.dylib"; name = libz.dylib; path = usr/lib/libz.dylib; sourceTree = SDKROOT; };
		785603C91B38469500349FD8 /* libsqlite3.dylib */ = {isa = PBXFileReference; lastKnownFileType = "compiled.mach-o.dylib"; name = libsqlite3.dylib; path = usr/lib/libsqlite3.dylib; sourceTree = SDKROOT; };
		785603CB1B38589E00349FD8 /* InitialViewController.swift */ = {isa = PBXFileReference; fileEncoding = 4; lastKnownFileType = sourcecode.swift; path = InitialViewController.swift; sourceTree = "<group>"; };
		785603CD1B385B3100349FD8 /* Accounts.framework */ = {isa = PBXFileReference; lastKnownFileType = wrapper.framework; name = Accounts.framework; path = System/Library/Frameworks/Accounts.framework; sourceTree = SDKROOT; };
		785603CF1B385B3A00349FD8 /* Social.framework */ = {isa = PBXFileReference; lastKnownFileType = wrapper.framework; name = Social.framework; path = System/Library/Frameworks/Social.framework; sourceTree = SDKROOT; };
		7858DCCD1BA46284002E5E1B /* SubCategory.swift */ = {isa = PBXFileReference; fileEncoding = 4; lastKnownFileType = sourcecode.swift; path = SubCategory.swift; sourceTree = "<group>"; };
		788EEC981B38630A00575FF6 /* Category.swift */ = {isa = PBXFileReference; fileEncoding = 4; lastKnownFileType = sourcecode.swift; path = Category.swift; sourceTree = "<group>"; };
		78FD26BE1BD37BB200E3D890 /* Calculator.swift */ = {isa = PBXFileReference; fileEncoding = 4; lastKnownFileType = sourcecode.swift; path = Calculator.swift; sourceTree = "<group>"; };
/* End PBXFileReference section */

/* Begin PBXFrameworksBuildPhase section */
		784D9ED41B31C137009AC784 /* Frameworks */ = {
			isa = PBXFrameworksBuildPhase;
			buildActionMask = 2147483647;
			files = (
				785603D01B385B3A00349FD8 /* Social.framework in Frameworks */,
				785603CE1B385B3100349FD8 /* Accounts.framework in Frameworks */,
				785603CA1B38469500349FD8 /* libsqlite3.dylib in Frameworks */,
				785603C81B38468D00349FD8 /* libz.dylib in Frameworks */,
				785603C61B38467300349FD8 /* SystemConfiguration.framework in Frameworks */,
				785603C41B38464600349FD8 /* StoreKit.framework in Frameworks */,
				785603C21B38463F00349FD8 /* Security.framework in Frameworks */,
				785603C01B38463700349FD8 /* QuartzCore.framework in Frameworks */,
				785603BE1B38462F00349FD8 /* MobileCoreServices.framework in Frameworks */,
				785603BC1B38462300349FD8 /* CoreLocation.framework in Frameworks */,
				785603BA1B38461900349FD8 /* CoreGraphics.framework in Frameworks */,
				785603B81B38461400349FD8 /* CFNetwork.framework in Frameworks */,
				785603B61B38460C00349FD8 /* AudioToolbox.framework in Frameworks */,
				785603B21B3835F100349FD8 /* ParseUI.framework in Frameworks */,
				785603B11B3835F100349FD8 /* Parse.framework in Frameworks */,
				785603B01B3835F100349FD8 /* Bolts.framework in Frameworks */,
				785603B41B38360B00349FD8 /* ParseCrashReporting.framework in Frameworks */,
			);
			runOnlyForDeploymentPostprocessing = 0;
		};
		784D9EEC1B31C137009AC784 /* Frameworks */ = {
			isa = PBXFrameworksBuildPhase;
			buildActionMask = 2147483647;
			files = (
			);
			runOnlyForDeploymentPostprocessing = 0;
		};
/* End PBXFrameworksBuildPhase section */

/* Begin PBXGroup section */
		784D9ECE1B31C137009AC784 = {
			isa = PBXGroup;
			children = (
				785603CF1B385B3A00349FD8 /* Social.framework */,
				785603CD1B385B3100349FD8 /* Accounts.framework */,
				785603C91B38469500349FD8 /* libsqlite3.dylib */,
				785603C71B38468D00349FD8 /* libz.dylib */,
				785603C51B38467300349FD8 /* SystemConfiguration.framework */,
				785603C31B38464600349FD8 /* StoreKit.framework */,
				785603C11B38463F00349FD8 /* Security.framework */,
				785603BF1B38463700349FD8 /* QuartzCore.framework */,
				785603BD1B38462F00349FD8 /* MobileCoreServices.framework */,
				785603BB1B38462300349FD8 /* CoreLocation.framework */,
				785603B91B38461900349FD8 /* CoreGraphics.framework */,
				785603B71B38461400349FD8 /* CFNetwork.framework */,
				785603B51B38460C00349FD8 /* AudioToolbox.framework */,
				785603B31B38360B00349FD8 /* ParseCrashReporting.framework */,
				785603AD1B3835F100349FD8 /* Bolts.framework */,
				785603AE1B3835F100349FD8 /* Parse.framework */,
				785603AF1B3835F100349FD8 /* ParseUI.framework */,
				784D9ED91B31C137009AC784 /* Expenses */,
				784D9EF21B31C137009AC784 /* ExpensesTests */,
				784D9ED81B31C137009AC784 /* Products */,
			);
			sourceTree = "<group>";
		};
		784D9ED81B31C137009AC784 /* Products */ = {
			isa = PBXGroup;
			children = (
				784D9ED71B31C137009AC784 /* Expenses.app */,
				784D9EEF1B31C137009AC784 /* ExpensesTests.xctest */,
			);
			name = Products;
			sourceTree = "<group>";
		};
		784D9ED91B31C137009AC784 /* Expenses */ = {
			isa = PBXGroup;
			children = (
				785603AC1B3709F000349FD8 /* Model */,
				784D9EFF1B31D11A009AC784 /* Controller */,
				784D9EDC1B31C137009AC784 /* AppDelegate.swift */,
				784D9EE31B31C137009AC784 /* Main.storyboard */,
				784D9EE61B31C137009AC784 /* Images.xcassets */,
				784D9EE81B31C137009AC784 /* LaunchScreen.xib */,
				784D9EDE1B31C137009AC784 /* Expenses.xcdatamodeld */,
				784D9EDA1B31C137009AC784 /* Supporting Files */,
			);
			path = Expenses;
			sourceTree = "<group>";
		};
		784D9EDA1B31C137009AC784 /* Supporting Files */ = {
			isa = PBXGroup;
			children = (
				784D9EDB1B31C137009AC784 /* Info.plist */,
			);
			name = "Supporting Files";
			sourceTree = "<group>";
		};
		784D9EF21B31C137009AC784 /* ExpensesTests */ = {
			isa = PBXGroup;
			children = (
				784D9EF51B31C137009AC784 /* ExpensesTests.swift */,
				784D9EF31B31C137009AC784 /* Supporting Files */,
			);
			path = ExpensesTests;
			sourceTree = "<group>";
		};
		784D9EF31B31C137009AC784 /* Supporting Files */ = {
			isa = PBXGroup;
			children = (
				784D9EF41B31C137009AC784 /* Info.plist */,
			);
			name = "Supporting Files";
			sourceTree = "<group>";
		};
		784D9EFF1B31D11A009AC784 /* Controller */ = {
			isa = PBXGroup;
			children = (
				785603CB1B38589E00349FD8 /* InitialViewController.swift */,
				784D9F001B31D14B009AC784 /* TransactionsViewController.swift */,
				784D9F021B31D36A009AC784 /* AddTransactionViewController.swift */,
				784D9F041B31DFDD009AC784 /* Cells */,
			);
			name = Controller;
			sourceTree = "<group>";
		};
		784D9F041B31DFDD009AC784 /* Cells */ = {
			isa = PBXGroup;
			children = (
				785603931B35B18500349FD8 /* CategoryCollectionViewCell.swift */,
				785603A81B36B27800349FD8 /* CalculatorCollectionViewCell.swift */,
			);
			name = Cells;
			sourceTree = "<group>";
		};
		785603AC1B3709F000349FD8 /* Model */ = {
			isa = PBXGroup;
			children = (
				785603AA1B36FE0800349FD8 /* Model.swift */,
				788EEC981B38630A00575FF6 /* Category.swift */,
				7858DCCD1BA46284002E5E1B /* SubCategory.swift */,
				781D65B61BA7423200E87985 /* Transaction.swift */,
				781D2C2C1BD1472300CDE724 /* Database.swift */,
				781D2C2E1BD147FD00CDE724 /* DefautInfo.swift */,
				781D2C301BD26A5900CDE724 /* InfoManager.swift */,
				781D2C321BD2C46800CDE724 /* TransactionType.swift */,
				781D2C341BD3688700CDE724 /* TransactionValue.swift */,
				78FD26BE1BD37BB200E3D890 /* Calculator.swift */,
			);
			name = Model;
			sourceTree = "<group>";
		};
/* End PBXGroup section */

/* Begin PBXNativeTarget section */
		784D9ED61B31C137009AC784 /* Expenses */ = {
			isa = PBXNativeTarget;
			buildConfigurationList = 784D9EF91B31C137009AC784 /* Build configuration list for PBXNativeTarget "Expenses" */;
			buildPhases = (
				784D9ED31B31C137009AC784 /* Sources */,
				784D9ED41B31C137009AC784 /* Frameworks */,
				784D9ED51B31C137009AC784 /* Resources */,
				785603A51B35DAD100349FD8 /* Embed App Extensions */,
			);
			buildRules = (
			);
			dependencies = (
			);
			name = Expenses;
			productName = Expenses;
			productReference = 784D9ED71B31C137009AC784 /* Expenses.app */;
			productType = "com.apple.product-type.application";
		};
		784D9EEE1B31C137009AC784 /* ExpensesTests */ = {
			isa = PBXNativeTarget;
			buildConfigurationList = 784D9EFC1B31C137009AC784 /* Build configuration list for PBXNativeTarget "ExpensesTests" */;
			buildPhases = (
				784D9EEB1B31C137009AC784 /* Sources */,
				784D9EEC1B31C137009AC784 /* Frameworks */,
				784D9EED1B31C137009AC784 /* Resources */,
			);
			buildRules = (
			);
			dependencies = (
				784D9EF11B31C137009AC784 /* PBXTargetDependency */,
			);
			name = ExpensesTests;
			productName = ExpensesTests;
			productReference = 784D9EEF1B31C137009AC784 /* ExpensesTests.xctest */;
			productType = "com.apple.product-type.bundle.unit-test";
		};
/* End PBXNativeTarget section */

/* Begin PBXProject section */
		784D9ECF1B31C137009AC784 /* Project object */ = {
			isa = PBXProject;
			attributes = {
				LastSwiftMigration = 0700;
				LastSwiftUpdateCheck = 0700;
				LastUpgradeCheck = 0630;
				ORGANIZATIONNAME = "Lucas Rocali";
				TargetAttributes = {
					784D9ED61B31C137009AC784 = {
						CreatedOnToolsVersion = 6.3.2;
					};
					784D9EEE1B31C137009AC784 = {
						CreatedOnToolsVersion = 6.3.2;
						TestTargetID = 784D9ED61B31C137009AC784;
					};
				};
			};
			buildConfigurationList = 784D9ED21B31C137009AC784 /* Build configuration list for PBXProject "Expenses" */;
			compatibilityVersion = "Xcode 3.2";
			developmentRegion = English;
			hasScannedForEncodings = 0;
			knownRegions = (
				en,
				Base,
			);
			mainGroup = 784D9ECE1B31C137009AC784;
			productRefGroup = 784D9ED81B31C137009AC784 /* Products */;
			projectDirPath = "";
			projectRoot = "";
			targets = (
				784D9ED61B31C137009AC784 /* Expenses */,
				784D9EEE1B31C137009AC784 /* ExpensesTests */,
			);
		};
/* End PBXProject section */

/* Begin PBXResourcesBuildPhase section */
		784D9ED51B31C137009AC784 /* Resources */ = {
			isa = PBXResourcesBuildPhase;
			buildActionMask = 2147483647;
			files = (
				784D9EE51B31C137009AC784 /* Main.storyboard in Resources */,
				784D9EEA1B31C137009AC784 /* LaunchScreen.xib in Resources */,
				784D9EE71B31C137009AC784 /* Images.xcassets in Resources */,
			);
			runOnlyForDeploymentPostprocessing = 0;
		};
		784D9EED1B31C137009AC784 /* Resources */ = {
			isa = PBXResourcesBuildPhase;
			buildActionMask = 2147483647;
			files = (
			);
			runOnlyForDeploymentPostprocessing = 0;
		};
/* End PBXResourcesBuildPhase section */

/* Begin PBXSourcesBuildPhase section */
		784D9ED31B31C137009AC784 /* Sources */ = {
			isa = PBXSourcesBuildPhase;
			buildActionMask = 2147483647;
			files = (
				781D2C331BD2C46800CDE724 /* TransactionType.swift in Sources */,
				781D65B71BA7423200E87985 /* Transaction.swift in Sources */,
				785603AB1B36FE0800349FD8 /* Model.swift in Sources */,
				784D9EE01B31C137009AC784 /* Expenses.xcdatamodeld in Sources */,
				781D2C351BD3688700CDE724 /* TransactionValue.swift in Sources */,
				781D2C311BD26A5900CDE724 /* InfoManager.swift in Sources */,
				7858DCCE1BA46284002E5E1B /* SubCategory.swift in Sources */,
				78FD26BF1BD37BB200E3D890 /* Calculator.swift in Sources */,
				785603941B35B18500349FD8 /* CategoryCollectionViewCell.swift in Sources */,
				784D9F031B31D36A009AC784 /* AddTransactionViewController.swift in Sources */,
				781D2C2D1BD1472300CDE724 /* Database.swift in Sources */,
				784D9EDD1B31C137009AC784 /* AppDelegate.swift in Sources */,
				788EEC991B38630A00575FF6 /* Category.swift in Sources */,
				785603A91B36B27800349FD8 /* CalculatorCollectionViewCell.swift in Sources */,
				784D9F011B31D14B009AC784 /* TransactionsViewController.swift in Sources */,
				781D2C2F1BD147FD00CDE724 /* DefautInfo.swift in Sources */,
				785603CC1B38589E00349FD8 /* InitialViewController.swift in Sources */,
			);
			runOnlyForDeploymentPostprocessing = 0;
		};
		784D9EEB1B31C137009AC784 /* Sources */ = {
			isa = PBXSourcesBuildPhase;
			buildActionMask = 2147483647;
			files = (
				784D9EF61B31C137009AC784 /* ExpensesTests.swift in Sources */,
			);
			runOnlyForDeploymentPostprocessing = 0;
		};
/* End PBXSourcesBuildPhase section */

/* Begin PBXTargetDependency section */
		784D9EF11B31C137009AC784 /* PBXTargetDependency */ = {
			isa = PBXTargetDependency;
			target = 784D9ED61B31C137009AC784 /* Expenses */;
			targetProxy = 784D9EF01B31C137009AC784 /* PBXContainerItemProxy */;
		};
/* End PBXTargetDependency section */

/* Begin PBXVariantGroup section */
		784D9EE31B31C137009AC784 /* Main.storyboard */ = {
			isa = PBXVariantGroup;
			children = (
				784D9EE41B31C137009AC784 /* Base */,
			);
			name = Main.storyboard;
			sourceTree = "<group>";
		};
		784D9EE81B31C137009AC784 /* LaunchScreen.xib */ = {
			isa = PBXVariantGroup;
			children = (
				784D9EE91B31C137009AC784 /* Base */,
			);
			name = LaunchScreen.xib;
			sourceTree = "<group>";
		};
/* End PBXVariantGroup section */

/* Begin XCBuildConfiguration section */
		784D9EF71B31C137009AC784 /* Debug */ = {
			isa = XCBuildConfiguration;
			buildSettings = {
				ALWAYS_SEARCH_USER_PATHS = NO;
				CLANG_CXX_LANGUAGE_STANDARD = "gnu++0x";
				CLANG_CXX_LIBRARY = "libc++";
				CLANG_ENABLE_MODULES = YES;
				CLANG_ENABLE_OBJC_ARC = YES;
				CLANG_WARN_BOOL_CONVERSION = YES;
				CLANG_WARN_CONSTANT_CONVERSION = YES;
				CLANG_WARN_DIRECT_OBJC_ISA_USAGE = YES_ERROR;
				CLANG_WARN_EMPTY_BODY = YES;
				CLANG_WARN_ENUM_CONVERSION = YES;
				CLANG_WARN_INT_CONVERSION = YES;
				CLANG_WARN_OBJC_ROOT_CLASS = YES_ERROR;
				CLANG_WARN_UNREACHABLE_CODE = YES;
				CLANG_WARN__DUPLICATE_METHOD_MATCH = YES;
				"CODE_SIGN_IDENTITY[sdk=iphoneos*]" = "iPhone Developer";
				COPY_PHASE_STRIP = NO;
				DEBUG_INFORMATION_FORMAT = "dwarf-with-dsym";
				ENABLE_STRICT_OBJC_MSGSEND = YES;
				GCC_C_LANGUAGE_STANDARD = gnu99;
				GCC_DYNAMIC_NO_PIC = NO;
				GCC_NO_COMMON_BLOCKS = YES;
				GCC_OPTIMIZATION_LEVEL = 0;
				GCC_PREPROCESSOR_DEFINITIONS = (
					"DEBUG=1",
					"$(inherited)",
				);
				GCC_SYMBOLS_PRIVATE_EXTERN = NO;
				GCC_WARN_64_TO_32_BIT_CONVERSION = YES;
				GCC_WARN_ABOUT_RETURN_TYPE = YES_ERROR;
				GCC_WARN_UNDECLARED_SELECTOR = YES;
				GCC_WARN_UNINITIALIZED_AUTOS = YES_AGGRESSIVE;
				GCC_WARN_UNUSED_FUNCTION = YES;
				GCC_WARN_UNUSED_VARIABLE = YES;
				IPHONEOS_DEPLOYMENT_TARGET = 8.3;
				MTL_ENABLE_DEBUG_INFO = YES;
				ONLY_ACTIVE_ARCH = YES;
				SDKROOT = iphoneos;
				SWIFT_OPTIMIZATION_LEVEL = "-Onone";
				TARGETED_DEVICE_FAMILY = "1,2";
			};
			name = Debug;
		};
		784D9EF81B31C137009AC784 /* Release */ = {
			isa = XCBuildConfiguration;
			buildSettings = {
				ALWAYS_SEARCH_USER_PATHS = NO;
				CLANG_CXX_LANGUAGE_STANDARD = "gnu++0x";
				CLANG_CXX_LIBRARY = "libc++";
				CLANG_ENABLE_MODULES = YES;
				CLANG_ENABLE_OBJC_ARC = YES;
				CLANG_WARN_BOOL_CONVERSION = YES;
				CLANG_WARN_CONSTANT_CONVERSION = YES;
				CLANG_WARN_DIRECT_OBJC_ISA_USAGE = YES_ERROR;
				CLANG_WARN_EMPTY_BODY = YES;
				CLANG_WARN_ENUM_CONVERSION = YES;
				CLANG_WARN_INT_CONVERSION = YES;
				CLANG_WARN_OBJC_ROOT_CLASS = YES_ERROR;
				CLANG_WARN_UNREACHABLE_CODE = YES;
				CLANG_WARN__DUPLICATE_METHOD_MATCH = YES;
				"CODE_SIGN_IDENTITY[sdk=iphoneos*]" = "iPhone Developer";
				COPY_PHASE_STRIP = NO;
				DEBUG_INFORMATION_FORMAT = "dwarf-with-dsym";
				ENABLE_NS_ASSERTIONS = NO;
				ENABLE_STRICT_OBJC_MSGSEND = YES;
				GCC_C_LANGUAGE_STANDARD = gnu99;
				GCC_NO_COMMON_BLOCKS = YES;
				GCC_WARN_64_TO_32_BIT_CONVERSION = YES;
				GCC_WARN_ABOUT_RETURN_TYPE = YES_ERROR;
				GCC_WARN_UNDECLARED_SELECTOR = YES;
				GCC_WARN_UNINITIALIZED_AUTOS = YES_AGGRESSIVE;
				GCC_WARN_UNUSED_FUNCTION = YES;
				GCC_WARN_UNUSED_VARIABLE = YES;
				IPHONEOS_DEPLOYMENT_TARGET = 8.3;
				MTL_ENABLE_DEBUG_INFO = NO;
				SDKROOT = iphoneos;
				TARGETED_DEVICE_FAMILY = "1,2";
				VALIDATE_PRODUCT = YES;
			};
			name = Release;
		};
		784D9EFA1B31C137009AC784 /* Debug */ = {
			isa = XCBuildConfiguration;
			buildSettings = {
				ASSETCATALOG_COMPILER_APPICON_NAME = AppIcon;
				FRAMEWORK_SEARCH_PATHS = (
					"$(inherited)",
					"$(PROJECT_DIR)",
				);
				INFOPLIST_FILE = Expenses/Info.plist;
				LD_RUNPATH_SEARCH_PATHS = "$(inherited) @executable_path/Frameworks";
				PRODUCT_NAME = "$(TARGET_NAME)";
			};
			name = Debug;
		};
		784D9EFB1B31C137009AC784 /* Release */ = {
			isa = XCBuildConfiguration;
			buildSettings = {
				ASSETCATALOG_COMPILER_APPICON_NAME = AppIcon;
				FRAMEWORK_SEARCH_PATHS = (
					"$(inherited)",
					"$(PROJECT_DIR)",
				);
				INFOPLIST_FILE = Expenses/Info.plist;
				LD_RUNPATH_SEARCH_PATHS = "$(inherited) @executable_path/Frameworks";
				PRODUCT_NAME = "$(TARGET_NAME)";
			};
			name = Release;
		};
		784D9EFD1B31C137009AC784 /* Debug */ = {
			isa = XCBuildConfiguration;
			buildSettings = {
				BUNDLE_LOADER = "$(TEST_HOST)";
				FRAMEWORK_SEARCH_PATHS = (
					"$(SDKROOT)/Developer/Library/Frameworks",
					"$(inherited)",
				);
				GCC_PREPROCESSOR_DEFINITIONS = (
					"DEBUG=1",
					"$(inherited)",
				);
				INFOPLIST_FILE = ExpensesTests/Info.plist;
				LD_RUNPATH_SEARCH_PATHS = "$(inherited) @executable_path/Frameworks @loader_path/Frameworks";
				PRODUCT_NAME = "$(TARGET_NAME)";
				TEST_HOST = "$(BUILT_PRODUCTS_DIR)/Expenses.app/Expenses";
			};
			name = Debug;
		};
		784D9EFE1B31C137009AC784 /* Release */ = {
			isa = XCBuildConfiguration;
			buildSettings = {
				BUNDLE_LOADER = "$(TEST_HOST)";
				FRAMEWORK_SEARCH_PATHS = (
					"$(SDKROOT)/Developer/Library/Frameworks",
					"$(inherited)",
				);
				INFOPLIST_FILE = ExpensesTests/Info.plist;
				LD_RUNPATH_SEARCH_PATHS = "$(inherited) @executable_path/Frameworks @loader_path/Frameworks";
				PRODUCT_NAME = "$(TARGET_NAME)";
				TEST_HOST = "$(BUILT_PRODUCTS_DIR)/Expenses.app/Expenses";
			};
			name = Release;
		};
/* End XCBuildConfiguration section */

/* Begin XCConfigurationList section */
		784D9ED21B31C137009AC784 /* Build configuration list for PBXProject "Expenses" */ = {
			isa = XCConfigurationList;
			buildConfigurations = (
				784D9EF71B31C137009AC784 /* Debug */,
				784D9EF81B31C137009AC784 /* Release */,
			);
			defaultConfigurationIsVisible = 0;
			defaultConfigurationName = Release;
		};
		784D9EF91B31C137009AC784 /* Build configuration list for PBXNativeTarget "Expenses" */ = {
			isa = XCConfigurationList;
			buildConfigurations = (
				784D9EFA1B31C137009AC784 /* Debug */,
				784D9EFB1B31C137009AC784 /* Release */,
			);
			defaultConfigurationIsVisible = 0;
			defaultConfigurationName = Release;
		};
		784D9EFC1B31C137009AC784 /* Build configuration list for PBXNativeTarget "ExpensesTests" */ = {
			isa = XCConfigurationList;
			buildConfigurations = (
				784D9EFD1B31C137009AC784 /* Debug */,
				784D9EFE1B31C137009AC784 /* Release */,
			);
			defaultConfigurationIsVisible = 0;
			defaultConfigurationName = Release;
		};
/* End XCConfigurationList section */

/* Begin XCVersionGroup section */
		784D9EDE1B31C137009AC784 /* Expenses.xcdatamodeld */ = {
			isa = XCVersionGroup;
			children = (
				784D9EDF1B31C137009AC784 /* Expenses.xcdatamodel */,
			);
			currentVersion = 784D9EDF1B31C137009AC784 /* Expenses.xcdatamodel */;
			path = Expenses.xcdatamodeld;
			sourceTree = "<group>";
			versionGroupType = wrapper.xcdatamodel;
		};
/* End XCVersionGroup section */
	};
	rootObject = 784D9ECF1B31C137009AC784 /* Project object */;
}
